
Microsoft Visual Studio Solution File, Format Version 12.00
# Visual Studio Version 17
VisualStudioVersion = 17.5.002.0
MinimumVisualStudioVersion = 10.0.40219.1
Project("{9A19103F-16F7-4668-BE54-9A1E7A4F7556}") = "dotnet-rpg", "dotnet-rpg.csproj", "{3CB682A0-DB3B-4A3F-BFDD-8C5A2C94D847}"
EndProject
Global
	GlobalSection(SolutionConfigurationPlatforms) = preSolution
		Debug|Any CPU = Debug|Any CPU
		Release|Any CPU = Release|Any CPU
	EndGlobalSection
	GlobalSection(ProjectConfigurationPlatforms) = postSolution
		{3CB682A0-DB3B-4A3F-BFDD-8C5A2C94D847}.Debug|Any CPU.ActiveCfg = Debug|Any CPU
		{3CB682A0-DB3B-4A3F-BFDD-8C5A2C94D847}.Debug|Any CPU.Build.0 = Debug|Any CPU
		{3CB682A0-DB3B-4A3F-BFDD-8C5A2C94D847}.Release|Any CPU.ActiveCfg = Release|Any CPU
		{3CB682A0-DB3B-4A3F-BFDD-8C5A2C94D847}.Release|Any CPU.Build.0 = Release|Any CPU
	EndGlobalSection
	GlobalSection(SolutionProperties) = preSolution
		HideSolutionNode = FALSE
	EndGlobalSection
	GlobalSection(ExtensibilityGlobals) = postSolution
		SolutionGuid = {C9FBA4F9-3655-4D88-AC7F-34C497E1B885}
	EndGlobalSection
EndGlobal
